{
  "requires": true,
  "lockfileVersion": 1,
  "dependencies": {
    "date-names": {
      "version": "0.1.12",
      "resolved": "https://registry.npmjs.org/date-names/-/date-names-0.1.12.tgz",
      "integrity": "sha512-HYc4+Rl53sOHh9R0pgpgqzZy471E4cFXLOjJDQImGOAeacbAV87+RUO70iE1Mfvnp1yuS2V8Y+/n1nS7OoMYiw=="
    },
    "ordinal": {
      "version": "1.0.2",
      "resolved": "https://registry.npmjs.org/ordinal/-/ordinal-1.0.2.tgz",
      "integrity": "sha1-ofS8S6Vr+Rv54xM1uenKRW7Zyng="
    }
  }
}
